--- 
dependencies: 
  ruby-debug: 
    group: 
    - :development
    version: ">= 0"
  haml: 
    group: 
    - :default
    version: ">= 2.2.24"
  bunyan: 
    group: 
    - :default
    version: ">= 0.3.0"
  rspec: 
    group: 
    - :test
    version: ">= 0"
  thin: 
    group: 
    - :development
    version: ">= 0"
  sinatra: 
    group: 
    - :default
    version: ">= 1.0"
  bundler: 
    group: 
    - :default
    version: ">= 0.9.10"
  rack-test: 
    group: 
    - :test
    version: ">= 0.5.3"
    require: 
    - rack/test
  shotgun: 
    group: 
    - :development
    version: ">= 0"
specs: 
- daemons: 
    version: 1.0.10
- linecache: 
    version: "0.43"
- ruby-debug-base: 
    version: 0.10.3
- eventmachine: 
    version: 0.12.10
- rack: 
    version: 1.1.0
- shotgun: 
    version: "0.6"
- rack-test: 
    version: 0.5.3
- thin: 
    version: 1.2.7
- bson: 
    version: "1.0"
- rspec: 
    version: 1.3.0
- bundler: 
    version: 0.9.24
- haml: 
    version: 2.2.24
- sinatra: 
    version: "1.0"
- columnize: 
    version: 0.3.1
- bson_ext: 
    version: "1.0"
- mongo: 
    version: "1.0"
- bunyan: 
    version: 0.3.0
- ruby-debug: 
    version: 0.10.3
hash: 92742b362dfd99d87cd128962ce94f195f92d218
sources: 
- Rubygems: 
    uri: http://gemcutter.org
